dependencies:
  espressif/usb_host_cdc_acm:
    component_hash: 29ab411dcacf824f4f7aa4256a60801cdcc2ecd6afecd9c829219f493e9972f9
    source:
      service_url: https://api.components.espressif.com/
      type: service
    version: 1.0.4
  idf:
    component_hash: null
    source:
      type: idf
    version: 5.1.1
manifest_hash: caed2f7c2673a29c1aa7a28abd906997aaeaf3c5fdb999993e14d95f4436397b
target: esp32s3
version: 1.0.0
